
Microsoft Visual Studio Solution File, Format Version 12.00
# Visual Studio Version 17
VisualStudioVersion = 17.0.31903.59
MinimumVisualStudioVersion = 10.0.40219.1
Project("{2150E333-8FDC-42A3-9474-1A3956D46DE8}") = "src", "src", "{827E0CD3-B72D-47B6-A68D-7590B98EB39B}"
EndProject
Project("{FAE04EC0-301F-11D3-BF4B-00C04F79EFBC}") = "SeanShell.App", "src\SeanShell.App\SeanShell.App.csproj", "{AA53A38C-2274-41D9-8925-0493E3BD542D}"
EndProject
Project("{FAE04EC0-301F-11D3-BF4B-00C04F79EFBC}") = "SeanShell.Core", "src\SeanShell.Core\SeanShell.Core.csproj", "{93BFDE7A-EEFB-4D60-B62C-8F46888BCD26}"
EndProject
Project("{FAE04EC0-301F-11D3-BF4B-00C04F79EFBC}") = "SeanShell.Windows", "src\SeanShell.Windows\SeanShell.Windows.csproj", "{33C011E8-0908-4981-A034-D145E30831B1}"
EndProject
Project("{FAE04EC0-301F-11D3-BF4B-00C04F79EFBC}") = "SeanShell.Gaming", "src\SeanShell.Gaming\SeanShell.Gaming.csproj", "{FB91B1D1-0C13-4ABC-AFD5-FF88C34C71D2}"
EndProject
Project("{FAE04EC0-301F-11D3-BF4B-00C04F79EFBC}") = "SeanShell.PluginContracts", "src\SeanShell.PluginContracts\SeanShell.PluginContracts.csproj", "{7237FE71-F733-41C8-A57A-02A7980E995B}"
EndProject
Project("{2150E333-8FDC-42A3-9474-1A3956D46DE8}") = "tests", "tests", "{0AB3BF05-4346-4AA6-1389-037BE0695223}"
EndProject
Project("{FAE04EC0-301F-11D3-BF4B-00C04F79EFBC}") = "SeanShell.Core.Tests", "tests\SeanShell.Core.Tests\SeanShell.Core.Tests.csproj", "{07CACA35-32E4-42DF-893D-A75365A0554C}"
EndProject
Global
	GlobalSection(SolutionConfigurationPlatforms) = preSolution
		Debug|Any CPU = Debug|Any CPU
		Debug|x64 = Debug|x64
		Debug|x86 = Debug|x86
		Release|Any CPU = Release|Any CPU
		Release|x64 = Release|x64
		Release|x86 = Release|x86
	EndGlobalSection
	GlobalSection(ProjectConfigurationPlatforms) = postSolution
		{AA53A38C-2274-41D9-8925-0493E3BD542D}.Debug|Any CPU.ActiveCfg = Debug|x86
		{AA53A38C-2274-41D9-8925-0493E3BD542D}.Debug|Any CPU.Build.0 = Debug|x86
		{AA53A38C-2274-41D9-8925-0493E3BD542D}.Debug|x64.ActiveCfg = Debug|x64
		{AA53A38C-2274-41D9-8925-0493E3BD542D}.Debug|x64.Build.0 = Debug|x64
		{AA53A38C-2274-41D9-8925-0493E3BD542D}.Debug|x86.ActiveCfg = Debug|x86
		{AA53A38C-2274-41D9-8925-0493E3BD542D}.Debug|x86.Build.0 = Debug|x86
		{AA53A38C-2274-41D9-8925-0493E3BD542D}.Release|Any CPU.ActiveCfg = Release|x86
		{AA53A38C-2274-41D9-8925-0493E3BD542D}.Release|Any CPU.Build.0 = Release|x86
		{AA53A38C-2274-41D9-8925-0493E3BD542D}.Release|x64.ActiveCfg = Release|x64
		{AA53A38C-2274-41D9-8925-0493E3BD542D}.Release|x64.Build.0 = Release|x64
		{AA53A38C-2274-41D9-8925-0493E3BD542D}.Release|x86.ActiveCfg = Release|x86
		{AA53A38C-2274-41D9-8925-0493E3BD542D}.Release|x86.Build.0 = Release|x86
		{93BFDE7A-EEFB-4D60-B62C-8F46888BCD26}.Debug|Any CPU.ActiveCfg = Debug|Any CPU
		{93BFDE7A-EEFB-4D60-B62C-8F46888BCD26}.Debug|Any CPU.Build.0 = Debug|Any CPU
		{93BFDE7A-EEFB-4D60-B62C-8F46888BCD26}.Debug|x64.ActiveCfg = Debug|Any CPU
		{93BFDE7A-EEFB-4D60-B62C-8F46888BCD26}.Debug|x64.Build.0 = Debug|Any CPU
		{93BFDE7A-EEFB-4D60-B62C-8F46888BCD26}.Debug|x86.ActiveCfg = Debug|Any CPU
		{93BFDE7A-EEFB-4D60-B62C-8F46888BCD26}.Debug|x86.Build.0 = Debug|Any CPU
		{93BFDE7A-EEFB-4D60-B62C-8F46888BCD26}.Release|Any CPU.ActiveCfg = Release|Any CPU
		{93BFDE7A-EEFB-4D60-B62C-8F46888BCD26}.Release|Any CPU.Build.0 = Release|Any CPU
		{93BFDE7A-EEFB-4D60-B62C-8F46888BCD26}.Release|x64.ActiveCfg = Release|Any CPU
		{93BFDE7A-EEFB-4D60-B62C-8F46888BCD26}.Release|x64.Build.0 = Release|Any CPU
		{93BFDE7A-EEFB-4D60-B62C-8F46888BCD26}.Release|x86.ActiveCfg = Release|Any CPU
		{93BFDE7A-EEFB-4D60-B62C-8F46888BCD26}.Release|x86.Build.0 = Release|Any CPU
		{33C011E8-0908-4981-A034-D145E30831B1}.Debug|Any CPU.ActiveCfg = Debug|Any CPU
		{33C011E8-0908-4981-A034-D145E30831B1}.Debug|Any CPU.Build.0 = Debug|Any CPU
		{33C011E8-0908-4981-A034-D145E30831B1}.Debug|x64.ActiveCfg = Debug|Any CPU
		{33C011E8-0908-4981-A034-D145E30831B1}.Debug|x64.Build.0 = Debug|Any CPU
		{33C011E8-0908-4981-A034-D145E30831B1}.Debug|x86.ActiveCfg = Debug|Any CPU
		{33C011E8-0908-4981-A034-D145E30831B1}.Debug|x86.Build.0 = Debug|Any CPU
		{33C011E8-0908-4981-A034-D145E30831B1}.Release|Any CPU.ActiveCfg = Release|Any CPU
		{33C011E8-0908-4981-A034-D145E30831B1}.Release|Any CPU.Build.0 = Release|Any CPU
		{33C011E8-0908-4981-A034-D145E30831B1}.Release|x64.ActiveCfg = Release|Any CPU
		{33C011E8-0908-4981-A034-D145E30831B1}.Release|x64.Build.0 = Release|Any CPU
		{33C011E8-0908-4981-A034-D145E30831B1}.Release|x86.ActiveCfg = Release|Any CPU
		{33C011E8-0908-4981-A034-D145E30831B1}.Release|x86.Build.0 = Release|Any CPU
		{FB91B1D1-0C13-4ABC-AFD5-FF88C34C71D2}.Debug|Any CPU.ActiveCfg = Debug|Any CPU
		{FB91B1D1-0C13-4ABC-AFD5-FF88C34C71D2}.Debug|Any CPU.Build.0 = Debug|Any CPU
		{FB91B1D1-0C13-4ABC-AFD5-FF88C34C71D2}.Debug|x64.ActiveCfg = Debug|Any CPU
		{FB91B1D1-0C13-4ABC-AFD5-FF88C34C71D2}.Debug|x64.Build.0 = Debug|Any CPU
		{FB91B1D1-0C13-4ABC-AFD5-FF88C34C71D2}.Debug|x86.ActiveCfg = Debug|Any CPU
		{FB91B1D1-0C13-4ABC-AFD5-FF88C34C71D2}.Debug|x86.Build.0 = Debug|Any CPU
		{FB91B1D1-0C13-4ABC-AFD5-FF88C34C71D2}.Release|Any CPU.ActiveCfg = Release|Any CPU
		{FB91B1D1-0C13-4ABC-AFD5-FF88C34C71D2}.Release|Any CPU.Build.0 = Release|Any CPU
		{FB91B1D1-0C13-4ABC-AFD5-FF88C34C71D2}.Release|x64.ActiveCfg = Release|Any CPU
		{FB91B1D1-0C13-4ABC-AFD5-FF88C34C71D2}.Release|x64.Build.0 = Release|Any CPU
		{FB91B1D1-0C13-4ABC-AFD5-FF88C34C71D2}.Release|x86.ActiveCfg = Release|Any CPU
		{FB91B1D1-0C13-4ABC-AFD5-FF88C34C71D2}.Release|x86.Build.0 = Release|Any CPU
		{7237FE71-F733-41C8-A57A-02A7980E995B}.Debug|Any CPU.ActiveCfg = Debug|Any CPU
		{7237FE71-F733-41C8-A57A-02A7980E995B}.Debug|Any CPU.Build.0 = Debug|Any CPU
		{7237FE71-F733-41C8-A57A-02A7980E995B}.Debug|x64.ActiveCfg = Debug|Any CPU
		{7237FE71-F733-41C8-A57A-02A7980E995B}.Debug|x64.Build.0 = Debug|Any CPU
		{7237FE71-F733-41C8-A57A-02A7980E995B}.Debug|x86.ActiveCfg = Debug|Any CPU
		{7237FE71-F733-41C8-A57A-02A7980E995B}.Debug|x86.Build.0 = Debug|Any CPU
		{7237FE71-F733-41C8-A57A-02A7980E995B}.Release|Any CPU.ActiveCfg = Release|Any CPU
		{7237FE71-F733-41C8-A57A-02A7980E995B}.Release|Any CPU.Build.0 = Release|Any CPU
		{7237FE71-F733-41C8-A57A-02A7980E995B}.Release|x64.ActiveCfg = Release|Any CPU
		{7237FE71-F733-41C8-A57A-02A7980E995B}.Release|x64.Build.0 = Release|Any CPU
		{7237FE71-F733-41C8-A57A-02A7980E995B}.Release|x86.ActiveCfg = Release|Any CPU
		{7237FE71-F733-41C8-A57A-02A7980E995B}.Release|x86.Build.0 = Release|Any CPU
		{07CACA35-32E4-42DF-893D-A75365A0554C}.Debug|Any CPU.ActiveCfg = Debug|Any CPU
		{07CACA35-32E4-42DF-893D-A75365A0554C}.Debug|Any CPU.Build.0 = Debug|Any CPU
		{07CACA35-32E4-42DF-893D-A75365A0554C}.Debug|x64.ActiveCfg = Debug|Any CPU
		{07CACA35-32E4-42DF-893D-A75365A0554C}.Debug|x64.Build.0 = Debug|Any CPU
		{07CACA35-32E4-42DF-893D-A75365A0554C}.Debug|x86.ActiveCfg = Debug|Any CPU
		{07CACA35-32E4-42DF-893D-A75365A0554C}.Debug|x86.Build.0 = Debug|Any CPU
		{07CACA35-32E4-42DF-893D-A75365A0554C}.Release|Any CPU.ActiveCfg = Release|Any CPU
		{07CACA35-32E4-42DF-893D-A75365A0554C}.Release|Any CPU.Build.0 = Release|Any CPU
		{07CACA35-32E4-42DF-893D-A75365A0554C}.Release|x64.ActiveCfg = Release|Any CPU
		{07CACA35-32E4-42DF-893D-A75365A0554C}.Release|x64.Build.0 = Release|Any CPU
		{07CACA35-32E4-42DF-893D-A75365A0554C}.Release|x86.ActiveCfg = Release|Any CPU
		{07CACA35-32E4-42DF-893D-A75365A0554C}.Release|x86.Build.0 = Release|Any CPU
	EndGlobalSection
	GlobalSection(SolutionProperties) = preSolution
		HideSolutionNode = FALSE
	EndGlobalSection
	GlobalSection(NestedProjects) = preSolution
		{AA53A38C-2274-41D9-8925-0493E3BD542D} = {827E0CD3-B72D-47B6-A68D-7590B98EB39B}
		{93BFDE7A-EEFB-4D60-B62C-8F46888BCD26} = {827E0CD3-B72D-47B6-A68D-7590B98EB39B}
		{33C011E8-0908-4981-A034-D145E30831B1} = {827E0CD3-B72D-47B6-A68D-7590B98EB39B}
		{FB91B1D1-0C13-4ABC-AFD5-FF88C34C71D2} = {827E0CD3-B72D-47B6-A68D-7590B98EB39B}
		{7237FE71-F733-41C8-A57A-02A7980E995B} = {827E0CD3-B72D-47B6-A68D-7590B98EB39B}
		{07CACA35-32E4-42DF-893D-A75365A0554C} = {0AB3BF05-4346-4AA6-1389-037BE0695223}
	EndGlobalSection
EndGlobal
