
Microsoft Visual Studio Solution File, Format Version 12.00
# Visual Studio Version 17
VisualStudioVersion = 17.0.31903.59
MinimumVisualStudioVersion = 10.0.40219.1
Project("{2150E333-8FDC-42A3-9474-1A3956D46DE8}") = "src", "src", "{827E0CD3-B72D-47B6-A68D-7590B98EB39B}"
EndProject
Project("{FAE04EC0-301F-11D3-BF4B-00C04F79EFBC}") = "SeanShell.App", "src\SeanShell.App\SeanShell.App.csproj", "{AA53A38C-2274-41D9-8925-0493E3BD542D}"
EndProject
Project("{FAE04EC0-301F-11D3-BF4B-00C04F79EFBC}") = "SeanShell.Core", "src\SeanShell.Core\SeanShell.Core.csproj", "{93BFDE7A-EEFB-4D60-B62C-8F46888BCD26}"
EndProject
Project("{FAE04EC0-301F-11D3-BF4B-00C04F79EFBC}") = "SeanShell.Windows", "src\SeanShell.Windows\SeanShell.Windows.csproj", "{33C011E8-0908-4981-A034-D145E30831B1}"
EndProject
Project("{FAE04EC0-301F-11D3-BF4B-00C04F79EFBC}") = "SeanShell.Gaming", "src\SeanShell.Gaming\SeanShell.Gaming.csproj", "{FB91B1D1-0C13-4ABC-AFD5-FF88C34C71D2}"
EndProject
Project("{FAE04EC0-301F-11D3-BF4B-00C04F79EFBC}") = "SeanShell.PluginContracts", "src\SeanShell.PluginContracts\SeanShell.PluginContracts.csproj", "{7237FE71-F733-41C8-A57A-02A7980E995B}"
EndProject
Project("{FAE04EC0-301F-11D3-BF4B-00C04F79EFBC}") = "SeanShell.Plugins", "src\SeanShell.Plugins\SeanShell.Plugins.csproj", "{A1F6A227-1583-4D3D-A2F1-5041AB65D734}"
EndProject
Project("{FAE04EC0-301F-11D3-BF4B-00C04F79EFBC}") = "SeanShell.PluginBroker.Protocol", "src\SeanShell.PluginBroker.Protocol\SeanShell.PluginBroker.Protocol.csproj", "{D2E4334B-C8A6-4BCB-A7BE-1334F10B0451}"
EndProject
Project("{FAE04EC0-301F-11D3-BF4B-00C04F79EFBC}") = "SeanShell.PluginBroker", "src\SeanShell.PluginBroker\SeanShell.PluginBroker.csproj", "{B7B52B0A-62FC-4A78-8292-97F3981C640C}"
EndProject
Project("{2150E333-8FDC-42A3-9474-1A3956D46DE8}") = "plugins", "plugins", "{C31042B1-2DDC-4C5B-B6AF-244807AC85B9}"
EndProject
Project("{FAE04EC0-301F-11D3-BF4B-00C04F79EFBC}") = "SeanShell.Plugin.DeveloperTools", "plugins\SeanShell.Plugin.DeveloperTools\SeanShell.Plugin.DeveloperTools.csproj", "{B2536854-F0BB-43A8-9D1E-D7C41DFFB919}"
EndProject
Project("{FAE04EC0-301F-11D3-BF4B-00C04F79EFBC}") = "SeanShell.Plugin.Git", "plugins\SeanShell.Plugin.Git\SeanShell.Plugin.Git.csproj", "{55F4178D-0E0E-47A8-A11F-633F6EDF4325}"
EndProject
Project("{FAE04EC0-301F-11D3-BF4B-00C04F79EFBC}") = "SeanShell.Plugin.Wsl", "plugins\SeanShell.Plugin.Wsl\SeanShell.Plugin.Wsl.csproj", "{254D3352-9B39-4982-B6D2-F6A41F1E456F}"
EndProject
Project("{FAE04EC0-301F-11D3-BF4B-00C04F79EFBC}") = "SeanShell.Plugin.Docker", "plugins\SeanShell.Plugin.Docker\SeanShell.Plugin.Docker.csproj", "{D7A5648C-3E9B-49D5-8A6E-11B9DC89C57F}"
EndProject
Project("{2150E333-8FDC-42A3-9474-1A3956D46DE8}") = "tests", "tests", "{0AB3BF05-4346-4AA6-1389-037BE0695223}"
EndProject
Project("{FAE04EC0-301F-11D3-BF4B-00C04F79EFBC}") = "SeanShell.Core.Tests", "tests\SeanShell.Core.Tests\SeanShell.Core.Tests.csproj", "{07CACA35-32E4-42DF-893D-A75365A0554C}"
EndProject
Project("{FAE04EC0-301F-11D3-BF4B-00C04F79EFBC}") = "SeanShell.Plugin.DotNet", "plugins\SeanShell.Plugin.DotNet\SeanShell.Plugin.DotNet.csproj", "{9F69AFCA-7716-411C-835B-543F9908B1CC}"
EndProject
Project("{FAE04EC0-301F-11D3-BF4B-00C04F79EFBC}") = "SeanShell.PluginBroker.Runtime", "src\SeanShell.PluginBroker.Runtime\SeanShell.PluginBroker.Runtime.csproj", "{E94A4553-16C4-4AAB-9651-D53D0CA4181B}"
EndProject
Global
	GlobalSection(SolutionConfigurationPlatforms) = preSolution
		Debug|Any CPU = Debug|Any CPU
		Debug|x64 = Debug|x64
		Debug|x86 = Debug|x86
		Release|Any CPU = Release|Any CPU
		Release|x64 = Release|x64
		Release|x86 = Release|x86
	EndGlobalSection
	GlobalSection(ProjectConfigurationPlatforms) = postSolution
		{AA53A38C-2274-41D9-8925-0493E3BD542D}.Debug|Any CPU.ActiveCfg = Debug|x86
		{AA53A38C-2274-41D9-8925-0493E3BD542D}.Debug|Any CPU.Build.0 = Debug|x86
		{AA53A38C-2274-41D9-8925-0493E3BD542D}.Debug|x64.ActiveCfg = Debug|x64
		{AA53A38C-2274-41D9-8925-0493E3BD542D}.Debug|x64.Build.0 = Debug|x64
		{AA53A38C-2274-41D9-8925-0493E3BD542D}.Debug|x86.ActiveCfg = Debug|x86
		{AA53A38C-2274-41D9-8925-0493E3BD542D}.Debug|x86.Build.0 = Debug|x86
		{AA53A38C-2274-41D9-8925-0493E3BD542D}.Release|Any CPU.ActiveCfg = Release|x86
		{AA53A38C-2274-41D9-8925-0493E3BD542D}.Release|Any CPU.Build.0 = Release|x86
		{AA53A38C-2274-41D9-8925-0493E3BD542D}.Release|x64.ActiveCfg = Release|x64
		{AA53A38C-2274-41D9-8925-0493E3BD542D}.Release|x64.Build.0 = Release|x64
		{AA53A38C-2274-41D9-8925-0493E3BD542D}.Release|x86.ActiveCfg = Release|x86
		{AA53A38C-2274-41D9-8925-0493E3BD542D}.Release|x86.Build.0 = Release|x86
		{93BFDE7A-EEFB-4D60-B62C-8F46888BCD26}.Debug|Any CPU.ActiveCfg = Debug|Any CPU
		{93BFDE7A-EEFB-4D60-B62C-8F46888BCD26}.Debug|Any CPU.Build.0 = Debug|Any CPU
		{93BFDE7A-EEFB-4D60-B62C-8F46888BCD26}.Debug|x64.ActiveCfg = Debug|Any CPU
		{93BFDE7A-EEFB-4D60-B62C-8F46888BCD26}.Debug|x64.Build.0 = Debug|Any CPU
		{93BFDE7A-EEFB-4D60-B62C-8F46888BCD26}.Debug|x86.ActiveCfg = Debug|Any CPU
		{93BFDE7A-EEFB-4D60-B62C-8F46888BCD26}.Debug|x86.Build.0 = Debug|Any CPU
		{93BFDE7A-EEFB-4D60-B62C-8F46888BCD26}.Release|Any CPU.ActiveCfg = Release|Any CPU
		{93BFDE7A-EEFB-4D60-B62C-8F46888BCD26}.Release|Any CPU.Build.0 = Release|Any CPU
		{93BFDE7A-EEFB-4D60-B62C-8F46888BCD26}.Release|x64.ActiveCfg = Release|Any CPU
		{93BFDE7A-EEFB-4D60-B62C-8F46888BCD26}.Release|x64.Build.0 = Release|Any CPU
		{93BFDE7A-EEFB-4D60-B62C-8F46888BCD26}.Release|x86.ActiveCfg = Release|Any CPU
		{93BFDE7A-EEFB-4D60-B62C-8F46888BCD26}.Release|x86.Build.0 = Release|Any CPU
		{33C011E8-0908-4981-A034-D145E30831B1}.Debug|Any CPU.ActiveCfg = Debug|Any CPU
		{33C011E8-0908-4981-A034-D145E30831B1}.Debug|Any CPU.Build.0 = Debug|Any CPU
		{33C011E8-0908-4981-A034-D145E30831B1}.Debug|x64.ActiveCfg = Debug|Any CPU
		{33C011E8-0908-4981-A034-D145E30831B1}.Debug|x64.Build.0 = Debug|Any CPU
		{33C011E8-0908-4981-A034-D145E30831B1}.Debug|x86.ActiveCfg = Debug|Any CPU
		{33C011E8-0908-4981-A034-D145E30831B1}.Debug|x86.Build.0 = Debug|Any CPU
		{33C011E8-0908-4981-A034-D145E30831B1}.Release|Any CPU.ActiveCfg = Release|Any CPU
		{33C011E8-0908-4981-A034-D145E30831B1}.Release|Any CPU.Build.0 = Release|Any CPU
		{33C011E8-0908-4981-A034-D145E30831B1}.Release|x64.ActiveCfg = Release|Any CPU
		{33C011E8-0908-4981-A034-D145E30831B1}.Release|x64.Build.0 = Release|Any CPU
		{33C011E8-0908-4981-A034-D145E30831B1}.Release|x86.ActiveCfg = Release|Any CPU
		{33C011E8-0908-4981-A034-D145E30831B1}.Release|x86.Build.0 = Release|Any CPU
		{FB91B1D1-0C13-4ABC-AFD5-FF88C34C71D2}.Debug|Any CPU.ActiveCfg = Debug|Any CPU
		{FB91B1D1-0C13-4ABC-AFD5-FF88C34C71D2}.Debug|Any CPU.Build.0 = Debug|Any CPU
		{FB91B1D1-0C13-4ABC-AFD5-FF88C34C71D2}.Debug|x64.ActiveCfg = Debug|Any CPU
		{FB91B1D1-0C13-4ABC-AFD5-FF88C34C71D2}.Debug|x64.Build.0 = Debug|Any CPU
		{FB91B1D1-0C13-4ABC-AFD5-FF88C34C71D2}.Debug|x86.ActiveCfg = Debug|Any CPU
		{FB91B1D1-0C13-4ABC-AFD5-FF88C34C71D2}.Debug|x86.Build.0 = Debug|Any CPU
		{FB91B1D1-0C13-4ABC-AFD5-FF88C34C71D2}.Release|Any CPU.ActiveCfg = Release|Any CPU
		{FB91B1D1-0C13-4ABC-AFD5-FF88C34C71D2}.Release|Any CPU.Build.0 = Release|Any CPU
		{FB91B1D1-0C13-4ABC-AFD5-FF88C34C71D2}.Release|x64.ActiveCfg = Release|Any CPU
		{FB91B1D1-0C13-4ABC-AFD5-FF88C34C71D2}.Release|x64.Build.0 = Release|Any CPU
		{FB91B1D1-0C13-4ABC-AFD5-FF88C34C71D2}.Release|x86.ActiveCfg = Release|Any CPU
		{FB91B1D1-0C13-4ABC-AFD5-FF88C34C71D2}.Release|x86.Build.0 = Release|Any CPU
		{7237FE71-F733-41C8-A57A-02A7980E995B}.Debug|Any CPU.ActiveCfg = Debug|Any CPU
		{7237FE71-F733-41C8-A57A-02A7980E995B}.Debug|Any CPU.Build.0 = Debug|Any CPU
		{7237FE71-F733-41C8-A57A-02A7980E995B}.Debug|x64.ActiveCfg = Debug|Any CPU
		{7237FE71-F733-41C8-A57A-02A7980E995B}.Debug|x64.Build.0 = Debug|Any CPU
		{7237FE71-F733-41C8-A57A-02A7980E995B}.Debug|x86.ActiveCfg = Debug|Any CPU
		{7237FE71-F733-41C8-A57A-02A7980E995B}.Debug|x86.Build.0 = Debug|Any CPU
		{7237FE71-F733-41C8-A57A-02A7980E995B}.Release|Any CPU.ActiveCfg = Release|Any CPU
		{7237FE71-F733-41C8-A57A-02A7980E995B}.Release|Any CPU.Build.0 = Release|Any CPU
		{7237FE71-F733-41C8-A57A-02A7980E995B}.Release|x64.ActiveCfg = Release|Any CPU
		{7237FE71-F733-41C8-A57A-02A7980E995B}.Release|x64.Build.0 = Release|Any CPU
		{7237FE71-F733-41C8-A57A-02A7980E995B}.Release|x86.ActiveCfg = Release|Any CPU
		{7237FE71-F733-41C8-A57A-02A7980E995B}.Release|x86.Build.0 = Release|Any CPU
		{A1F6A227-1583-4D3D-A2F1-5041AB65D734}.Debug|Any CPU.ActiveCfg = Debug|Any CPU
		{A1F6A227-1583-4D3D-A2F1-5041AB65D734}.Debug|Any CPU.Build.0 = Debug|Any CPU
		{A1F6A227-1583-4D3D-A2F1-5041AB65D734}.Debug|x64.ActiveCfg = Debug|Any CPU
		{A1F6A227-1583-4D3D-A2F1-5041AB65D734}.Debug|x64.Build.0 = Debug|Any CPU
		{A1F6A227-1583-4D3D-A2F1-5041AB65D734}.Debug|x86.ActiveCfg = Debug|Any CPU
		{A1F6A227-1583-4D3D-A2F1-5041AB65D734}.Debug|x86.Build.0 = Debug|Any CPU
		{A1F6A227-1583-4D3D-A2F1-5041AB65D734}.Release|Any CPU.ActiveCfg = Release|Any CPU
		{A1F6A227-1583-4D3D-A2F1-5041AB65D734}.Release|Any CPU.Build.0 = Release|Any CPU
		{A1F6A227-1583-4D3D-A2F1-5041AB65D734}.Release|x64.ActiveCfg = Release|Any CPU
		{A1F6A227-1583-4D3D-A2F1-5041AB65D734}.Release|x64.Build.0 = Release|Any CPU
		{A1F6A227-1583-4D3D-A2F1-5041AB65D734}.Release|x86.ActiveCfg = Release|Any CPU
		{A1F6A227-1583-4D3D-A2F1-5041AB65D734}.Release|x86.Build.0 = Release|Any CPU
		{D2E4334B-C8A6-4BCB-A7BE-1334F10B0451}.Debug|Any CPU.ActiveCfg = Debug|Any CPU
		{D2E4334B-C8A6-4BCB-A7BE-1334F10B0451}.Debug|Any CPU.Build.0 = Debug|Any CPU
		{D2E4334B-C8A6-4BCB-A7BE-1334F10B0451}.Debug|x64.ActiveCfg = Debug|Any CPU
		{D2E4334B-C8A6-4BCB-A7BE-1334F10B0451}.Debug|x64.Build.0 = Debug|Any CPU
		{D2E4334B-C8A6-4BCB-A7BE-1334F10B0451}.Debug|x86.ActiveCfg = Debug|Any CPU
		{D2E4334B-C8A6-4BCB-A7BE-1334F10B0451}.Debug|x86.Build.0 = Debug|Any CPU
		{D2E4334B-C8A6-4BCB-A7BE-1334F10B0451}.Release|Any CPU.ActiveCfg = Release|Any CPU
		{D2E4334B-C8A6-4BCB-A7BE-1334F10B0451}.Release|Any CPU.Build.0 = Release|Any CPU
		{D2E4334B-C8A6-4BCB-A7BE-1334F10B0451}.Release|x64.ActiveCfg = Release|Any CPU
		{D2E4334B-C8A6-4BCB-A7BE-1334F10B0451}.Release|x64.Build.0 = Release|Any CPU
		{D2E4334B-C8A6-4BCB-A7BE-1334F10B0451}.Release|x86.ActiveCfg = Release|Any CPU
		{D2E4334B-C8A6-4BCB-A7BE-1334F10B0451}.Release|x86.Build.0 = Release|Any CPU
		{B7B52B0A-62FC-4A78-8292-97F3981C640C}.Debug|Any CPU.ActiveCfg = Debug|Any CPU
		{B7B52B0A-62FC-4A78-8292-97F3981C640C}.Debug|Any CPU.Build.0 = Debug|Any CPU
		{B7B52B0A-62FC-4A78-8292-97F3981C640C}.Debug|x64.ActiveCfg = Debug|Any CPU
		{B7B52B0A-62FC-4A78-8292-97F3981C640C}.Debug|x64.Build.0 = Debug|Any CPU
		{B7B52B0A-62FC-4A78-8292-97F3981C640C}.Debug|x86.ActiveCfg = Debug|Any CPU
		{B7B52B0A-62FC-4A78-8292-97F3981C640C}.Debug|x86.Build.0 = Debug|Any CPU
		{B7B52B0A-62FC-4A78-8292-97F3981C640C}.Release|Any CPU.ActiveCfg = Release|Any CPU
		{B7B52B0A-62FC-4A78-8292-97F3981C640C}.Release|Any CPU.Build.0 = Release|Any CPU
		{B7B52B0A-62FC-4A78-8292-97F3981C640C}.Release|x64.ActiveCfg = Release|Any CPU
		{B7B52B0A-62FC-4A78-8292-97F3981C640C}.Release|x64.Build.0 = Release|Any CPU
		{B7B52B0A-62FC-4A78-8292-97F3981C640C}.Release|x86.ActiveCfg = Release|Any CPU
		{B7B52B0A-62FC-4A78-8292-97F3981C640C}.Release|x86.Build.0 = Release|Any CPU
		{B2536854-F0BB-43A8-9D1E-D7C41DFFB919}.Debug|Any CPU.ActiveCfg = Debug|Any CPU
		{B2536854-F0BB-43A8-9D1E-D7C41DFFB919}.Debug|Any CPU.Build.0 = Debug|Any CPU
		{B2536854-F0BB-43A8-9D1E-D7C41DFFB919}.Debug|x64.ActiveCfg = Debug|Any CPU
		{B2536854-F0BB-43A8-9D1E-D7C41DFFB919}.Debug|x64.Build.0 = Debug|Any CPU
		{B2536854-F0BB-43A8-9D1E-D7C41DFFB919}.Debug|x86.ActiveCfg = Debug|Any CPU
		{B2536854-F0BB-43A8-9D1E-D7C41DFFB919}.Debug|x86.Build.0 = Debug|Any CPU
		{B2536854-F0BB-43A8-9D1E-D7C41DFFB919}.Release|Any CPU.ActiveCfg = Release|Any CPU
		{B2536854-F0BB-43A8-9D1E-D7C41DFFB919}.Release|Any CPU.Build.0 = Release|Any CPU
		{B2536854-F0BB-43A8-9D1E-D7C41DFFB919}.Release|x64.ActiveCfg = Release|Any CPU
		{B2536854-F0BB-43A8-9D1E-D7C41DFFB919}.Release|x64.Build.0 = Release|Any CPU
		{B2536854-F0BB-43A8-9D1E-D7C41DFFB919}.Release|x86.ActiveCfg = Release|Any CPU
		{B2536854-F0BB-43A8-9D1E-D7C41DFFB919}.Release|x86.Build.0 = Release|Any CPU
		{55F4178D-0E0E-47A8-A11F-633F6EDF4325}.Debug|Any CPU.ActiveCfg = Debug|Any CPU
		{55F4178D-0E0E-47A8-A11F-633F6EDF4325}.Debug|Any CPU.Build.0 = Debug|Any CPU
		{55F4178D-0E0E-47A8-A11F-633F6EDF4325}.Debug|x64.ActiveCfg = Debug|Any CPU
		{55F4178D-0E0E-47A8-A11F-633F6EDF4325}.Debug|x64.Build.0 = Debug|Any CPU
		{55F4178D-0E0E-47A8-A11F-633F6EDF4325}.Debug|x86.ActiveCfg = Debug|Any CPU
		{55F4178D-0E0E-47A8-A11F-633F6EDF4325}.Debug|x86.Build.0 = Debug|Any CPU
		{55F4178D-0E0E-47A8-A11F-633F6EDF4325}.Release|Any CPU.ActiveCfg = Release|Any CPU
		{55F4178D-0E0E-47A8-A11F-633F6EDF4325}.Release|Any CPU.Build.0 = Release|Any CPU
		{55F4178D-0E0E-47A8-A11F-633F6EDF4325}.Release|x64.ActiveCfg = Release|Any CPU
		{55F4178D-0E0E-47A8-A11F-633F6EDF4325}.Release|x64.Build.0 = Release|Any CPU
		{55F4178D-0E0E-47A8-A11F-633F6EDF4325}.Release|x86.ActiveCfg = Release|Any CPU
		{55F4178D-0E0E-47A8-A11F-633F6EDF4325}.Release|x86.Build.0 = Release|Any CPU
		{254D3352-9B39-4982-B6D2-F6A41F1E456F}.Debug|Any CPU.ActiveCfg = Debug|Any CPU
		{254D3352-9B39-4982-B6D2-F6A41F1E456F}.Debug|Any CPU.Build.0 = Debug|Any CPU
		{254D3352-9B39-4982-B6D2-F6A41F1E456F}.Debug|x64.ActiveCfg = Debug|Any CPU
		{254D3352-9B39-4982-B6D2-F6A41F1E456F}.Debug|x64.Build.0 = Debug|Any CPU
		{254D3352-9B39-4982-B6D2-F6A41F1E456F}.Debug|x86.ActiveCfg = Debug|Any CPU
		{254D3352-9B39-4982-B6D2-F6A41F1E456F}.Debug|x86.Build.0 = Debug|Any CPU
		{254D3352-9B39-4982-B6D2-F6A41F1E456F}.Release|Any CPU.ActiveCfg = Release|Any CPU
		{254D3352-9B39-4982-B6D2-F6A41F1E456F}.Release|Any CPU.Build.0 = Release|Any CPU
		{254D3352-9B39-4982-B6D2-F6A41F1E456F}.Release|x64.ActiveCfg = Release|Any CPU
		{254D3352-9B39-4982-B6D2-F6A41F1E456F}.Release|x64.Build.0 = Release|Any CPU
		{254D3352-9B39-4982-B6D2-F6A41F1E456F}.Release|x86.ActiveCfg = Release|Any CPU
		{254D3352-9B39-4982-B6D2-F6A41F1E456F}.Release|x86.Build.0 = Release|Any CPU
		{D7A5648C-3E9B-49D5-8A6E-11B9DC89C57F}.Debug|Any CPU.ActiveCfg = Debug|Any CPU
		{D7A5648C-3E9B-49D5-8A6E-11B9DC89C57F}.Debug|Any CPU.Build.0 = Debug|Any CPU
		{D7A5648C-3E9B-49D5-8A6E-11B9DC89C57F}.Debug|x64.ActiveCfg = Debug|Any CPU
		{D7A5648C-3E9B-49D5-8A6E-11B9DC89C57F}.Debug|x64.Build.0 = Debug|Any CPU
		{D7A5648C-3E9B-49D5-8A6E-11B9DC89C57F}.Debug|x86.ActiveCfg = Debug|Any CPU
		{D7A5648C-3E9B-49D5-8A6E-11B9DC89C57F}.Debug|x86.Build.0 = Debug|Any CPU
		{D7A5648C-3E9B-49D5-8A6E-11B9DC89C57F}.Release|Any CPU.ActiveCfg = Release|Any CPU
		{D7A5648C-3E9B-49D5-8A6E-11B9DC89C57F}.Release|Any CPU.Build.0 = Release|Any CPU
		{D7A5648C-3E9B-49D5-8A6E-11B9DC89C57F}.Release|x64.ActiveCfg = Release|Any CPU
		{D7A5648C-3E9B-49D5-8A6E-11B9DC89C57F}.Release|x64.Build.0 = Release|Any CPU
		{D7A5648C-3E9B-49D5-8A6E-11B9DC89C57F}.Release|x86.ActiveCfg = Release|Any CPU
		{D7A5648C-3E9B-49D5-8A6E-11B9DC89C57F}.Release|x86.Build.0 = Release|Any CPU
		{07CACA35-32E4-42DF-893D-A75365A0554C}.Debug|Any CPU.ActiveCfg = Debug|Any CPU
		{07CACA35-32E4-42DF-893D-A75365A0554C}.Debug|Any CPU.Build.0 = Debug|Any CPU
		{07CACA35-32E4-42DF-893D-A75365A0554C}.Debug|x64.ActiveCfg = Debug|Any CPU
		{07CACA35-32E4-42DF-893D-A75365A0554C}.Debug|x64.Build.0 = Debug|Any CPU
		{07CACA35-32E4-42DF-893D-A75365A0554C}.Debug|x86.ActiveCfg = Debug|Any CPU
		{07CACA35-32E4-42DF-893D-A75365A0554C}.Debug|x86.Build.0 = Debug|Any CPU
		{07CACA35-32E4-42DF-893D-A75365A0554C}.Release|Any CPU.ActiveCfg = Release|Any CPU
		{07CACA35-32E4-42DF-893D-A75365A0554C}.Release|Any CPU.Build.0 = Release|Any CPU
		{07CACA35-32E4-42DF-893D-A75365A0554C}.Release|x64.ActiveCfg = Release|Any CPU
		{07CACA35-32E4-42DF-893D-A75365A0554C}.Release|x64.Build.0 = Release|Any CPU
		{07CACA35-32E4-42DF-893D-A75365A0554C}.Release|x86.ActiveCfg = Release|Any CPU
		{07CACA35-32E4-42DF-893D-A75365A0554C}.Release|x86.Build.0 = Release|Any CPU
		{9F69AFCA-7716-411C-835B-543F9908B1CC}.Debug|Any CPU.ActiveCfg = Debug|Any CPU
		{9F69AFCA-7716-411C-835B-543F9908B1CC}.Debug|Any CPU.Build.0 = Debug|Any CPU
		{9F69AFCA-7716-411C-835B-543F9908B1CC}.Debug|x64.ActiveCfg = Debug|Any CPU
		{9F69AFCA-7716-411C-835B-543F9908B1CC}.Debug|x64.Build.0 = Debug|Any CPU
		{9F69AFCA-7716-411C-835B-543F9908B1CC}.Debug|x86.ActiveCfg = Debug|Any CPU
		{9F69AFCA-7716-411C-835B-543F9908B1CC}.Debug|x86.Build.0 = Debug|Any CPU
		{9F69AFCA-7716-411C-835B-543F9908B1CC}.Release|Any CPU.ActiveCfg = Release|Any CPU
		{9F69AFCA-7716-411C-835B-543F9908B1CC}.Release|Any CPU.Build.0 = Release|Any CPU
		{9F69AFCA-7716-411C-835B-543F9908B1CC}.Release|x64.ActiveCfg = Release|Any CPU
		{9F69AFCA-7716-411C-835B-543F9908B1CC}.Release|x64.Build.0 = Release|Any CPU
		{9F69AFCA-7716-411C-835B-543F9908B1CC}.Release|x86.ActiveCfg = Release|Any CPU
		{9F69AFCA-7716-411C-835B-543F9908B1CC}.Release|x86.Build.0 = Release|Any CPU
		{E94A4553-16C4-4AAB-9651-D53D0CA4181B}.Debug|Any CPU.ActiveCfg = Debug|Any CPU
		{E94A4553-16C4-4AAB-9651-D53D0CA4181B}.Debug|Any CPU.Build.0 = Debug|Any CPU
		{E94A4553-16C4-4AAB-9651-D53D0CA4181B}.Debug|x64.ActiveCfg = Debug|Any CPU
		{E94A4553-16C4-4AAB-9651-D53D0CA4181B}.Debug|x64.Build.0 = Debug|Any CPU
		{E94A4553-16C4-4AAB-9651-D53D0CA4181B}.Debug|x86.ActiveCfg = Debug|Any CPU
		{E94A4553-16C4-4AAB-9651-D53D0CA4181B}.Debug|x86.Build.0 = Debug|Any CPU
		{E94A4553-16C4-4AAB-9651-D53D0CA4181B}.Release|Any CPU.ActiveCfg = Release|Any CPU
		{E94A4553-16C4-4AAB-9651-D53D0CA4181B}.Release|Any CPU.Build.0 = Release|Any CPU
		{E94A4553-16C4-4AAB-9651-D53D0CA4181B}.Release|x64.ActiveCfg = Release|Any CPU
		{E94A4553-16C4-4AAB-9651-D53D0CA4181B}.Release|x64.Build.0 = Release|Any CPU
		{E94A4553-16C4-4AAB-9651-D53D0CA4181B}.Release|x86.ActiveCfg = Release|Any CPU
		{E94A4553-16C4-4AAB-9651-D53D0CA4181B}.Release|x86.Build.0 = Release|Any CPU
	EndGlobalSection
	GlobalSection(SolutionProperties) = preSolution
		HideSolutionNode = FALSE
	EndGlobalSection
	GlobalSection(NestedProjects) = preSolution
		{AA53A38C-2274-41D9-8925-0493E3BD542D} = {827E0CD3-B72D-47B6-A68D-7590B98EB39B}
		{93BFDE7A-EEFB-4D60-B62C-8F46888BCD26} = {827E0CD3-B72D-47B6-A68D-7590B98EB39B}
		{33C011E8-0908-4981-A034-D145E30831B1} = {827E0CD3-B72D-47B6-A68D-7590B98EB39B}
		{FB91B1D1-0C13-4ABC-AFD5-FF88C34C71D2} = {827E0CD3-B72D-47B6-A68D-7590B98EB39B}
		{7237FE71-F733-41C8-A57A-02A7980E995B} = {827E0CD3-B72D-47B6-A68D-7590B98EB39B}
		{A1F6A227-1583-4D3D-A2F1-5041AB65D734} = {827E0CD3-B72D-47B6-A68D-7590B98EB39B}
		{D2E4334B-C8A6-4BCB-A7BE-1334F10B0451} = {827E0CD3-B72D-47B6-A68D-7590B98EB39B}
		{B7B52B0A-62FC-4A78-8292-97F3981C640C} = {827E0CD3-B72D-47B6-A68D-7590B98EB39B}
		{B2536854-F0BB-43A8-9D1E-D7C41DFFB919} = {C31042B1-2DDC-4C5B-B6AF-244807AC85B9}
		{55F4178D-0E0E-47A8-A11F-633F6EDF4325} = {C31042B1-2DDC-4C5B-B6AF-244807AC85B9}
		{254D3352-9B39-4982-B6D2-F6A41F1E456F} = {C31042B1-2DDC-4C5B-B6AF-244807AC85B9}
		{D7A5648C-3E9B-49D5-8A6E-11B9DC89C57F} = {C31042B1-2DDC-4C5B-B6AF-244807AC85B9}
		{07CACA35-32E4-42DF-893D-A75365A0554C} = {0AB3BF05-4346-4AA6-1389-037BE0695223}
		{9F69AFCA-7716-411C-835B-543F9908B1CC} = {C31042B1-2DDC-4C5B-B6AF-244807AC85B9}
		{E94A4553-16C4-4AAB-9651-D53D0CA4181B} = {827E0CD3-B72D-47B6-A68D-7590B98EB39B}
	EndGlobalSection
EndGlobal
